Microsoft Visual Studio Solution File, Format Version 12.00
# Visual Studio Version 17
VisualStudioVersion = 17.2.32616.157
MinimumVisualStudioVersion = 10.0.40219.1
Project("{9A19103F-16F7-4668-BE54-9A1E7A4F7556}") = "CustomInteractions", "CustomInteractions\CustomInteractions.csproj", "{F296FF55-A8D8-47E3-90C0-6975CA0787F9}"
EndProject
Project("{9A19103F-16F7-4668-BE54-9A1E7A4F7556}") = "ItemAttributeFix", "ItemAttributeFix\ItemAttributeFix.csproj", "{F3186B2D-F170-4E31-98BF-4CC8CDAD565D}"
EndProject
Project("{9A19103F-16F7-4668-BE54-9A1E7A4F7556}") = "ItemContextMenuExt", "ItemContextMenuExt\ItemContextMenuExt.csproj", "{F9FF8A66-A96D-45D2-BBD5-D976F101CCF7}"
EndProject
Project("{9A19103F-16F7-4668-BE54-9A1E7A4F7556}") = "ItemSellPrice", "ItemSellPrice\ItemSellPrice.csproj", "{FA2EAB19-7A7F-452F-80B3-DEAD18E43D88}"
EndProject
Project("{9A19103F-16F7-4668-BE54-9A1E7A4F7556}") = "MagazineInspector", "MagazineInspector\MagazineInspector.csproj", "{F4F0DAB6-3A97-4656-A61F-945D63BAB4F8}"
EndProject
Project("{9A19103F-16F7-4668-BE54-9A1E7A4F7556}") = "MunitionsExpert", "MunitionsExpert\MunitionsExpert.csproj", "{F1E2DE6A-7145-4ED7-8AB0-DE2FE9E33CCA}"
EndProject
Global
	GlobalSection(SolutionConfigurationPlatforms) = preSolution
		Debug|Any CPU = Debug|Any CPU
		Release|Any CPU = Release|Any CPU
	EndGlobalSection
	GlobalSection(ProjectConfigurationPlatforms) = postSolution
		{F296FF55-A8D8-47E3-90C0-6975CA0787F9}.Debug|Any CPU.ActiveCfg = Debug|Any CPU
		{F296FF55-A8D8-47E3-90C0-6975CA0787F9}.Debug|Any CPU.Build.0 = Debug|Any CPU
		{F296FF55-A8D8-47E3-90C0-6975CA0787F9}.Release|Any CPU.ActiveCfg = Release|Any CPU
		{F296FF55-A8D8-47E3-90C0-6975CA0787F9}.Release|Any CPU.Build.0 = Release|Any CPU
		{F3186B2D-F170-4E31-98BF-4CC8CDAD565D}.Debug|Any CPU.ActiveCfg = Debug|Any CPU
		{F3186B2D-F170-4E31-98BF-4CC8CDAD565D}.Debug|Any CPU.Build.0 = Debug|Any CPU
		{F3186B2D-F170-4E31-98BF-4CC8CDAD565D}.Release|Any CPU.ActiveCfg = Release|Any CPU
		{F3186B2D-F170-4E31-98BF-4CC8CDAD565D}.Release|Any CPU.Build.0 = Release|Any CPU
		{F9FF8A66-A96D-45D2-BBD5-D976F101CCF7}.Debug|Any CPU.ActiveCfg = Debug|Any CPU
		{F9FF8A66-A96D-45D2-BBD5-D976F101CCF7}.Debug|Any CPU.Build.0 = Debug|Any CPU
		{F9FF8A66-A96D-45D2-BBD5-D976F101CCF7}.Release|Any CPU.ActiveCfg = Release|Any CPU
		{F9FF8A66-A96D-45D2-BBD5-D976F101CCF7}.Release|Any CPU.Build.0 = Release|Any CPU
		{FA2EAB19-7A7F-452F-80B3-DEAD18E43D88}.Debug|Any CPU.ActiveCfg = Debug|Any CPU
		{FA2EAB19-7A7F-452F-80B3-DEAD18E43D88}.Debug|Any CPU.Build.0 = Debug|Any CPU
		{FA2EAB19-7A7F-452F-80B3-DEAD18E43D88}.Release|Any CPU.ActiveCfg = Release|Any CPU
		{FA2EAB19-7A7F-452F-80B3-DEAD18E43D88}.Release|Any CPU.Build.0 = Release|Any CPU
		{F4F0DAB6-3A97-4656-A61F-945D63BAB4F8}.Debug|Any CPU.ActiveCfg = Debug|Any CPU
		{F4F0DAB6-3A97-4656-A61F-945D63BAB4F8}.Debug|Any CPU.Build.0 = Debug|Any CPU
		{F4F0DAB6-3A97-4656-A61F-945D63BAB4F8}.Release|Any CPU.ActiveCfg = Release|Any CPU
		{F4F0DAB6-3A97-4656-A61F-945D63BAB4F8}.Release|Any CPU.Build.0 = Release|Any CPU
		{F1E2DE6A-7145-4ED7-8AB0-DE2FE9E33CCA}.Debug|Any CPU.ActiveCfg = Debug|Any CPU
		{F1E2DE6A-7145-4ED7-8AB0-DE2FE9E33CCA}.Debug|Any CPU.Build.0 = Debug|Any CPU
		{F1E2DE6A-7145-4ED7-8AB0-DE2FE9E33CCA}.Release|Any CPU.ActiveCfg = Release|Any CPU
		{F1E2DE6A-7145-4ED7-8AB0-DE2FE9E33CCA}.Release|Any CPU.Build.0 = Release|Any CPU
	EndGlobalSection
	GlobalSection(SolutionProperties) = preSolution
		HideSolutionNode = FALSE
	EndGlobalSection
	GlobalSection(ExtensibilityGlobals) = postSolution
		SolutionGuid = {BF50C8C8-82A6-496A-B4A4-DB383A88705D}
	EndGlobalSection
EndGlobal
